// !$*UTF8*$!
{
	archiveVersion = 1;
	classes = {
	};
	objectVersion = 56;
	objects = {

/* Begin PBXBuildFile section */
		844DEE132BF2600E000338DD /* AppDelegate.swift in Sources */ = {isa = PBXBuildFile; fileRef = 844DEE122BF2600E000338DD /* AppDelegate.swift */; };
		844DEE172BF2600E000338DD /* VMapViewController.swift in Sources */ = {isa = PBXBuildFile; fileRef = 844DEE162BF2600E000338DD /* VMapViewController.swift */; };
		844DEE1C2BF26015000338DD /* Assets.xcassets in Resources */ = {isa = PBXBuildFile; fileRef = 844DEE1B2BF26015000338DD /* Assets.xcassets */; };
		844DEE1F2BF26015000338DD /* Base in Resources */ = {isa = PBXBuildFile; fileRef = 844DEE1E2BF26015000338DD /* Base */; };
		844DEE2B2BF26386000338DD /* GoogleMapsPrivacy.bundle in Resources */ = {isa = PBXBuildFile; fileRef = 844DEE2A2BF26386000338DD /* GoogleMapsPrivacy.bundle */; };
		844DEE2E2BF270ED000338DD /* UIView+Extension.swift in Sources */ = {isa = PBXBuildFile; fileRef = 844DEE2D2BF270ED000338DD /* UIView+Extension.swift */; };
		844DEE352BF2920D000338DD /* VMapModel.swift in Sources */ = {isa = PBXBuildFile; fileRef = 844DEE342BF2920D000338DD /* VMapModel.swift */; };
		844DEE372BF292EC000338DD /* VMapBottomToolView.swift in Sources */ = {isa = PBXBuildFile; fileRef = 844DEE362BF292EC000338DD /* VMapBottomToolView.swift */; };
		844DEE392BF29AD5000338DD /* String+Extension.swift in Sources */ = {isa = PBXBuildFile; fileRef = 844DEE382BF29AD5000338DD /* String+Extension.swift */; };
		844DEE3D2BF2A01B000338DD /* VMapViewController+Navigation.swift in Sources */ = {isa = PBXBuildFile; fileRef = 844DEE3C2BF2A01B000338DD /* VMapViewController+Navigation.swift */; };
		84E225792BF2EB7C00F47820 /* VMapConfig.swift in Sources */ = {isa = PBXBuildFile; fileRef = 84E225782BF2EB7C00F47820 /* VMapConfig.swift */; };
		84E2258B2BF3808C00F47820 /* _CleanJSONDecoder.swift in Sources */ = {isa = PBXBuildFile; fileRef = 84E2257A2BF3808B00F47820 /* _CleanJSONDecoder.swift */; };
		84E2258C2BF3808C00F47820 /* _CleanJSONDecoder+SingleValueDecodingContainer.swift in Sources */ = {isa = PBXBuildFile; fileRef = 84E2257B2BF3808B00F47820 /* _CleanJSONDecoder+SingleValueDecodingContainer.swift */; };
		84E2258D2BF3808C00F47820 /* _CleanJSONDecoder+Unbox.swift in Sources */ = {isa = PBXBuildFile; fileRef = 84E2257C2BF3808B00F47820 /* _CleanJSONDecoder+Unbox.swift */; };
		84E2258E2BF3808C00F47820 /* _CleanJSONDecodingStorage.swift in Sources */ = {isa = PBXBuildFile; fileRef = 84E2257D2BF3808B00F47820 /* _CleanJSONDecodingStorage.swift */; };
		84E2258F2BF3808C00F47820 /* _CleanJSONKey.swift in Sources */ = {isa = PBXBuildFile; fileRef = 84E2257E2BF3808B00F47820 /* _CleanJSONKey.swift */; };
		84E225902BF3808C00F47820 /* _CleanJSONKeyedDecodingContainer.swift in Sources */ = {isa = PBXBuildFile; fileRef = 84E2257F2BF3808B00F47820 /* _CleanJSONKeyedDecodingContainer.swift */; };
		84E225912BF3808C00F47820 /* _CleanJSONUnkeyedDecodingContainer.swift in Sources */ = {isa = PBXBuildFile; fileRef = 84E225802BF3808B00F47820 /* _CleanJSONUnkeyedDecodingContainer.swift */; };
		84E225922BF3808C00F47820 /* CaseDefaultable.swift in Sources */ = {isa = PBXBuildFile; fileRef = 84E225812BF3808B00F47820 /* CaseDefaultable.swift */; };
		84E225932BF3808C00F47820 /* CleanDecoder.swift in Sources */ = {isa = PBXBuildFile; fileRef = 84E225822BF3808B00F47820 /* CleanDecoder.swift */; };
		84E225942BF3808C00F47820 /* CleanJSONDecoder.swift in Sources */ = {isa = PBXBuildFile; fileRef = 84E225832BF3808B00F47820 /* CleanJSONDecoder.swift */; };
		84E225952BF3808C00F47820 /* DecodingError+CleanJSON.swift in Sources */ = {isa = PBXBuildFile; fileRef = 84E225842BF3808B00F47820 /* DecodingError+CleanJSON.swift */; };
		84E225962BF3808C00F47820 /* DecodingStrategy.swift in Sources */ = {isa = PBXBuildFile; fileRef = 84E225852BF3808B00F47820 /* DecodingStrategy.swift */; };
		84E225972BF3808C00F47820 /* Defaultable.swift in Sources */ = {isa = PBXBuildFile; fileRef = 84E225862BF3808B00F47820 /* Defaultable.swift */; };
		84E225982BF3808C00F47820 /* JSONAdapter.swift in Sources */ = {isa = PBXBuildFile; fileRef = 84E225872BF3808B00F47820 /* JSONAdapter.swift */; };
		84E225992BF3808C00F47820 /* ToJSON.swift in Sources */ = {isa = PBXBuildFile; fileRef = 84E225882BF3808B00F47820 /* ToJSON.swift */; };
		84E2259B2BF3A73300F47820 /* UIColor+Extension.swift in Sources */ = {isa = PBXBuildFile; fileRef = 84E2259A2BF3A73300F47820 /* UIColor+Extension.swift */; };
		84E2259D2BF4D6D100F47820 /* VMapBottomToolViewDelegate.swift in Sources */ = {isa = PBXBuildFile; fileRef = 84E2259C2BF4D6D100F47820 /* VMapBottomToolViewDelegate.swift */; };
		96E7DF52A0DB6D41CF8B4403 /* Pods_VMap.framework in Frameworks */ = {isa = PBXBuildFile; fileRef = 0E26B21F169BEA15A44E10BE /* Pods_VMap.framework */; };
/* End PBXBuildFile section */

/* Begin PBXFileReference section */
		0E26B21F169BEA15A44E10BE /* Pods_VMap.framework */ = {isa = PBXFileReference; explicitFileType = wrapper.framework; includeInIndex = 0; path = Pods_VMap.framework; sourceTree = BUILT_PRODUCTS_DIR; };
		844DEE0F2BF2600E000338DD /* VMap.app */ = {isa = PBXFileReference; explicitFileType = wrapper.application; includeInIndex = 0; path = VMap.app; sourceTree = BUILT_PRODUCTS_DIR; };
		844DEE122BF2600E000338DD /* AppDelegate.swift */ = {isa = PBXFileReference; lastKnownFileType = sourcecode.swift; path = AppDelegate.swift; sourceTree = "<group>"; };
		844DEE162BF2600E000338DD /* VMapViewController.swift */ = {isa = PBXFileReference; lastKnownFileType = sourcecode.swift; path = VMapViewController.swift; sourceTree = "<group>"; };
		844DEE1B2BF26015000338DD /* Assets.xcassets */ = {isa = PBXFileReference; lastKnownFileType = folder.assetcatalog; path = Assets.xcassets; sourceTree = "<group>"; };
		844DEE1E2BF26015000338DD /* Base */ = {isa = PBXFileReference; lastKnownFileType = file.storyboard; name = Base; path = Base.lproj/LaunchScreen.storyboard; sourceTree = "<group>"; };
		844DEE202BF26015000338DD /* Info.plist */ = {isa = PBXFileReference; lastKnownFileType = text.plist.xml; path = Info.plist; sourceTree = "<group>"; };
		844DEE2A2BF26386000338DD /* GoogleMapsPrivacy.bundle */ = {isa = PBXFileReference; lastKnownFileType = "wrapper.plug-in"; path = GoogleMapsPrivacy.bundle; sourceTree = "<group>"; };
		844DEE2D2BF270ED000338DD /* UIView+Extension.swift */ = {isa = PBXFileReference; lastKnownFileType = sourcecode.swift; path = "UIView+Extension.swift"; sourceTree = "<group>"; };
		844DEE342BF2920D000338DD /* VMapModel.swift */ = {isa = PBXFileReference; lastKnownFileType = sourcecode.swift; path = VMapModel.swift; sourceTree = "<group>"; };
		844DEE362BF292EC000338DD /* VMapBottomToolView.swift */ = {isa = PBXFileReference; lastKnownFileType = sourcecode.swift; path = VMapBottomToolView.swift; sourceTree = "<group>"; };
		844DEE382BF29AD5000338DD /* String+Extension.swift */ = {isa = PBXFileReference; lastKnownFileType = sourcecode.swift; path = "String+Extension.swift"; sourceTree = "<group>"; };
		844DEE3C2BF2A01B000338DD /* VMapViewController+Navigation.swift */ = {isa = PBXFileReference; lastKnownFileType = sourcecode.swift; path = "VMapViewController+Navigation.swift"; sourceTree = "<group>"; };
		84E225782BF2EB7C00F47820 /* VMapConfig.swift */ = {isa = PBXFileReference; lastKnownFileType = sourcecode.swift; path = VMapConfig.swift; sourceTree = "<group>"; };
		84E2257A2BF3808B00F47820 /* _CleanJSONDecoder.swift */ = {isa = PBXFileReference; fileEncoding = 4; lastKnownFileType = sourcecode.swift; path = _CleanJSONDecoder.swift; sourceTree = "<group>"; };
		84E2257B2BF3808B00F47820 /* _CleanJSONDecoder+SingleValueDecodingContainer.swift */ = {isa = PBXFileReference; fileEncoding = 4; lastKnownFileType = sourcecode.swift; path = "_CleanJSONDecoder+SingleValueDecodingContainer.swift"; sourceTree = "<group>"; };
		84E2257C2BF3808B00F47820 /* _CleanJSONDecoder+Unbox.swift */ = {isa = PBXFileReference; fileEncoding = 4; lastKnownFileType = sourcecode.swift; path = "_CleanJSONDecoder+Unbox.swift"; sourceTree = "<group>"; };
		84E2257D2BF3808B00F47820 /* _CleanJSONDecodingStorage.swift */ = {isa = PBXFileReference; fileEncoding = 4; lastKnownFileType = sourcecode.swift; path = _CleanJSONDecodingStorage.swift; sourceTree = "<group>"; };
		84E2257E2BF3808B00F47820 /* _CleanJSONKey.swift */ = {isa = PBXFileReference; fileEncoding = 4; lastKnownFileType = sourcecode.swift; path = _CleanJSONKey.swift; sourceTree = "<group>"; };
		84E2257F2BF3808B00F47820 /* _CleanJSONKeyedDecodingContainer.swift */ = {isa = PBXFileReference; fileEncoding = 4; lastKnownFileType = sourcecode.swift; path = _CleanJSONKeyedDecodingContainer.swift; sourceTree = "<group>"; };
		84E225802BF3808B00F47820 /* _CleanJSONUnkeyedDecodingContainer.swift */ = {isa = PBXFileReference; fileEncoding = 4; lastKnownFileType = sourcecode.swift; path = _CleanJSONUnkeyedDecodingContainer.swift; sourceTree = "<group>"; };
		84E225812BF3808B00F47820 /* CaseDefaultable.swift */ = {isa = PBXFileReference; fileEncoding = 4; lastKnownFileType = sourcecode.swift; path = CaseDefaultable.swift; sourceTree = "<group>"; };
		84E225822BF3808B00F47820 /* CleanDecoder.swift */ = {isa = PBXFileReference; fileEncoding = 4; lastKnownFileType = sourcecode.swift; path = CleanDecoder.swift; sourceTree = "<group>"; };
		84E225832BF3808B00F47820 /* CleanJSONDecoder.swift */ = {isa = PBXFileReference; fileEncoding = 4; lastKnownFileType = sourcecode.swift; path = CleanJSONDecoder.swift; sourceTree = "<group>"; };
		84E225842BF3808B00F47820 /* DecodingError+CleanJSON.swift */ = {isa = PBXFileReference; fileEncoding = 4; lastKnownFileType = sourcecode.swift; path = "DecodingError+CleanJSON.swift"; sourceTree = "<group>"; };
		84E225852BF3808B00F47820 /* DecodingStrategy.swift */ = {isa = PBXFileReference; fileEncoding = 4; lastKnownFileType = sourcecode.swift; path = DecodingStrategy.swift; sourceTree = "<group>"; };
		84E225862BF3808B00F47820 /* Defaultable.swift */ = {isa = PBXFileReference; fileEncoding = 4; lastKnownFileType = sourcecode.swift; path = Defaultable.swift; sourceTree = "<group>"; };
		84E225872BF3808B00F47820 /* JSONAdapter.swift */ = {isa = PBXFileReference; fileEncoding = 4; lastKnownFileType = sourcecode.swift; path = JSONAdapter.swift; sourceTree = "<group>"; };
		84E225882BF3808B00F47820 /* ToJSON.swift */ = {isa = PBXFileReference; fileEncoding = 4; lastKnownFileType = sourcecode.swift; path = ToJSON.swift; sourceTree = "<group>"; };
		84E2259A2BF3A73300F47820 /* UIColor+Extension.swift */ = {isa = PBXFileReference; lastKnownFileType = sourcecode.swift; path = "UIColor+Extension.swift"; sourceTree = "<group>"; };
		84E2259C2BF4D6D100F47820 /* VMapBottomToolViewDelegate.swift */ = {isa = PBXFileReference; lastKnownFileType = sourcecode.swift; path = VMapBottomToolViewDelegate.swift; sourceTree = "<group>"; };
		A3A11F391148A7EE811010E0 /* Pods-VMap.release.xcconfig */ = {isa = PBXFileReference; includeInIndex = 1; lastKnownFileType = text.xcconfig; name = "Pods-VMap.release.xcconfig"; path = "Target Support Files/Pods-VMap/Pods-VMap.release.xcconfig"; sourceTree = "<group>"; };
		F891DEE2CC2CED62A410B407 /* Pods-VMap.debug.xcconfig */ = {isa = PBXFileReference; includeInIndex = 1; lastKnownFileType = text.xcconfig; name = "Pods-VMap.debug.xcconfig"; path = "Target Support Files/Pods-VMap/Pods-VMap.debug.xcconfig"; sourceTree = "<group>"; };
/* End PBXFileReference section */

/* Begin PBXFrameworksBuildPhase section */
		844DEE0C2BF2600E000338DD /* Frameworks */ = {
			isa = PBXFrameworksBuildPhase;
			buildActionMask = 2147483647;
			files = (
				96E7DF52A0DB6D41CF8B4403 /* Pods_VMap.framework in Frameworks */,
			);
			runOnlyForDeploymentPostprocessing = 0;
		};
/* End PBXFrameworksBuildPhase section */

/* Begin PBXGroup section */
		5D3667BA3118F227722C8B4B /* Pods */ = {
			isa = PBXGroup;
			children = (
				F891DEE2CC2CED62A410B407 /* Pods-VMap.debug.xcconfig */,
				A3A11F391148A7EE811010E0 /* Pods-VMap.release.xcconfig */,
			);
			path = Pods;
			sourceTree = "<group>";
		};
		844DEE062BF2600E000338DD = {
			isa = PBXGroup;
			children = (
				844DEE112BF2600E000338DD /* VMap */,
				844DEE102BF2600E000338DD /* Products */,
				5D3667BA3118F227722C8B4B /* Pods */,
				8FC6B88CBB447AC27610CE03 /* Frameworks */,
			);
			sourceTree = "<group>";
		};
		844DEE102BF2600E000338DD /* Products */ = {
			isa = PBXGroup;
			children = (
				844DEE0F2BF2600E000338DD /* VMap.app */,
			);
			name = Products;
			sourceTree = "<group>";
		};
		844DEE112BF2600E000338DD /* VMap */ = {
			isa = PBXGroup;
			children = (
				844DEE2C2BF270D1000338DD /* Extension */,
				844DEE282BF262C0000338DD /* Module */,
				844DEE272BF262A1000338DD /* Resource */,
				844DEE262BF260DC000338DD /* Main */,
			);
			path = VMap;
			sourceTree = "<group>";
		};
		844DEE262BF260DC000338DD /* Main */ = {
			isa = PBXGroup;
			children = (
				844DEE122BF2600E000338DD /* AppDelegate.swift */,
			);
			path = Main;
			sourceTree = "<group>";
		};
		844DEE272BF262A1000338DD /* Resource */ = {
			isa = PBXGroup;
			children = (
				844DEE2A2BF26386000338DD /* GoogleMapsPrivacy.bundle */,
				844DEE1B2BF26015000338DD /* Assets.xcassets */,
				844DEE1D2BF26015000338DD /* LaunchScreen.storyboard */,
				844DEE202BF26015000338DD /* Info.plist */,
			);
			path = Resource;
			sourceTree = "<group>";
		};
		844DEE282BF262C0000338DD /* Module */ = {
			isa = PBXGroup;
			children = (
				844DEE332BF291F7000338DD /* ViewControllers */,
				844DEE322BF291F2000338DD /* Views */,
				844DEE312BF291EC000338DD /* Models */,
			);
			path = Module;
			sourceTree = "<group>";
		};
		844DEE2C2BF270D1000338DD /* Extension */ = {
			isa = PBXGroup;
			children = (
				84E2258A2BF3808B00F47820 /* CleanJSON */,
				844DEE2D2BF270ED000338DD /* UIView+Extension.swift */,
				84E2259A2BF3A73300F47820 /* UIColor+Extension.swift */,
				844DEE382BF29AD5000338DD /* String+Extension.swift */,
				84E225782BF2EB7C00F47820 /* VMapConfig.swift */,
			);
			path = Extension;
			sourceTree = "<group>";
		};
		844DEE312BF291EC000338DD /* Models */ = {
			isa = PBXGroup;
			children = (
				844DEE342BF2920D000338DD /* VMapModel.swift */,
			);
			path = Models;
			sourceTree = "<group>";
		};
		844DEE322BF291F2000338DD /* Views */ = {
			isa = PBXGroup;
			children = (
				844DEE362BF292EC000338DD /* VMapBottomToolView.swift */,
				84E2259C2BF4D6D100F47820 /* VMapBottomToolViewDelegate.swift */,
			);
			path = Views;
			sourceTree = "<group>";
		};
		844DEE332BF291F7000338DD /* ViewControllers */ = {
			isa = PBXGroup;
			children = (
				844DEE162BF2600E000338DD /* VMapViewController.swift */,
				844DEE3C2BF2A01B000338DD /* VMapViewController+Navigation.swift */,
			);
			path = ViewControllers;
			sourceTree = "<group>";
		};
		84E225892BF3808B00F47820 /* Classes */ = {
			isa = PBXGroup;
			children = (
				84E2257A2BF3808B00F47820 /* _CleanJSONDecoder.swift */,
				84E2257B2BF3808B00F47820 /* _CleanJSONDecoder+SingleValueDecodingContainer.swift */,
				84E2257C2BF3808B00F47820 /* _CleanJSONDecoder+Unbox.swift */,
				84E2257D2BF3808B00F47820 /* _CleanJSONDecodingStorage.swift */,
				84E2257E2BF3808B00F47820 /* _CleanJSONKey.swift */,
				84E2257F2BF3808B00F47820 /* _CleanJSONKeyedDecodingContainer.swift */,
				84E225802BF3808B00F47820 /* _CleanJSONUnkeyedDecodingContainer.swift */,
				84E225812BF3808B00F47820 /* CaseDefaultable.swift */,
				84E225822BF3808B00F47820 /* CleanDecoder.swift */,
				84E225832BF3808B00F47820 /* CleanJSONDecoder.swift */,
				84E225842BF3808B00F47820 /* DecodingError+CleanJSON.swift */,
				84E225852BF3808B00F47820 /* DecodingStrategy.swift */,
				84E225862BF3808B00F47820 /* Defaultable.swift */,
				84E225872BF3808B00F47820 /* JSONAdapter.swift */,
				84E225882BF3808B00F47820 /* ToJSON.swift */,
			);
			path = Classes;
			sourceTree = "<group>";
		};
		84E2258A2BF3808B00F47820 /* CleanJSON */ = {
			isa = PBXGroup;
			children = (
				84E225892BF3808B00F47820 /* Classes */,
			);
			path = CleanJSON;
			sourceTree = "<group>";
		};
		8FC6B88CBB447AC27610CE03 /* Frameworks */ = {
			isa = PBXGroup;
			children = (
				0E26B21F169BEA15A44E10BE /* Pods_VMap.framework */,
			);
			name = Frameworks;
			sourceTree = "<group>";
		};
/* End PBXGroup section */

/* Begin PBXNativeTarget section */
		844DEE0E2BF2600E000338DD /* VMap */ = {
			isa = PBXNativeTarget;
			buildConfigurationList = 844DEE232BF26015000338DD /* Build configuration list for PBXNativeTarget "VMap" */;
			buildPhases = (
				6D15D6DB73E9C7FFEEC44216 /* [CP] Check Pods Manifest.lock */,
				844DEE0B2BF2600E000338DD /* Sources */,
				844DEE0C2BF2600E000338DD /* Frameworks */,
				844DEE0D2BF2600E000338DD /* Resources */,
				7C7F3A7516A9C5433FA41EF9 /* [CP] Copy Pods Resources */,
				BCCAEB46244B835F2D1D7901 /* [CP] Embed Pods Frameworks */,
			);
			buildRules = (
			);
			dependencies = (
			);
			name = VMap;
			productName = VMap;
			productReference = 844DEE0F2BF2600E000338DD /* VMap.app */;
			productType = "com.apple.product-type.application";
		};
/* End PBXNativeTarget section */

/* Begin PBXProject section */
		844DEE072BF2600E000338DD /* Project object */ = {
			isa = PBXProject;
			attributes = {
				BuildIndependentTargetsInParallel = 1;
				LastSwiftUpdateCheck = 1530;
				LastUpgradeCheck = 1530;
				TargetAttributes = {
					844DEE0E2BF2600E000338DD = {
						CreatedOnToolsVersion = 15.3;
					};
				};
			};
			buildConfigurationList = 844DEE0A2BF2600E000338DD /* Build configuration list for PBXProject "VMap" */;
			compatibilityVersion = "Xcode 14.0";
			developmentRegion = en;
			hasScannedForEncodings = 0;
			knownRegions = (
				en,
				Base,
			);
			mainGroup = 844DEE062BF2600E000338DD;
			productRefGroup = 844DEE102BF2600E000338DD /* Products */;
			projectDirPath = "";
			projectRoot = "";
			targets = (
				844DEE0E2BF2600E000338DD /* VMap */,
			);
		};
/* End PBXProject section */

/* Begin PBXResourcesBuildPhase section */
		844DEE0D2BF2600E000338DD /* Resources */ = {
			isa = PBXResourcesBuildPhase;
			buildActionMask = 2147483647;
			files = (
				844DEE1C2BF26015000338DD /* Assets.xcassets in Resources */,
				844DEE1F2BF26015000338DD /* Base in Resources */,
				844DEE2B2BF26386000338DD /* GoogleMapsPrivacy.bundle in Resources */,
			);
			runOnlyForDeploymentPostprocessing = 0;
		};
/* End PBXResourcesBuildPhase section */

/* Begin PBXShellScriptBuildPhase section */
		6D15D6DB73E9C7FFEEC44216 /* [CP] Check Pods Manifest.lock */ = {
			isa = PBXShellScriptBuildPhase;
			buildActionMask = 2147483647;
			files = (
			);
			inputFileListPaths = (
			);
			inputPaths = (
				"${PODS_PODFILE_DIR_PATH}/Podfile.lock",
				"${PODS_ROOT}/Manifest.lock",
			);
			name = "[CP] Check Pods Manifest.lock";
			outputFileListPaths = (
			);
			outputPaths = (
				"$(DERIVED_FILE_DIR)/Pods-VMap-checkManifestLockResult.txt",
			);
			runOnlyForDeploymentPostprocessing = 0;
			shellPath = /bin/sh;
			shellScript = "diff \"${PODS_PODFILE_DIR_PATH}/Podfile.lock\" \"${PODS_ROOT}/Manifest.lock\" > /dev/null\nif [ $? != 0 ] ; then\n    # print error to STDERR\n    echo \"error: The sandbox is not in sync with the Podfile.lock. Run 'pod install' or update your CocoaPods installation.\" >&2\n    exit 1\nfi\n# This output is used by Xcode 'outputs' to avoid re-running this script phase.\necho \"SUCCESS\" > \"${SCRIPT_OUTPUT_FILE_0}\"\n";
			showEnvVarsInLog = 0;
		};
		7C7F3A7516A9C5433FA41EF9 /* [CP] Copy Pods Resources */ = {
			isa = PBXShellScriptBuildPhase;
			buildActionMask = 2147483647;
			files = (
			);
			inputFileListPaths = (
				"${PODS_ROOT}/Target Support Files/Pods-VMap/Pods-VMap-resources-${CONFIGURATION}-input-files.xcfilelist",
			);
			name = "[CP] Copy Pods Resources";
			outputFileListPaths = (
				"${PODS_ROOT}/Target Support Files/Pods-VMap/Pods-VMap-resources-${CONFIGURATION}-output-files.xcfilelist",
			);
			runOnlyForDeploymentPostprocessing = 0;
			shellPath = /bin/sh;
			shellScript = "\"${PODS_ROOT}/Target Support Files/Pods-VMap/Pods-VMap-resources.sh\"\n";
			showEnvVarsInLog = 0;
		};
		BCCAEB46244B835F2D1D7901 /* [CP] Embed Pods Frameworks */ = {
			isa = PBXShellScriptBuildPhase;
			buildActionMask = 2147483647;
			files = (
			);
			inputFileListPaths = (
				"${PODS_ROOT}/Target Support Files/Pods-VMap/Pods-VMap-frameworks-${CONFIGURATION}-input-files.xcfilelist",
			);
			name = "[CP] Embed Pods Frameworks";
			outputFileListPaths = (
				"${PODS_ROOT}/Target Support Files/Pods-VMap/Pods-VMap-frameworks-${CONFIGURATION}-output-files.xcfilelist",
			);
			runOnlyForDeploymentPostprocessing = 0;
			shellPath = /bin/sh;
			shellScript = "\"${PODS_ROOT}/Target Support Files/Pods-VMap/Pods-VMap-frameworks.sh\"\n";
			showEnvVarsInLog = 0;
		};
/* End PBXShellScriptBuildPhase section */

/* Begin PBXSourcesBuildPhase section */
		844DEE0B2BF2600E000338DD /* Sources */ = {
			isa = PBXSourcesBuildPhase;
			buildActionMask = 2147483647;
			files = (
				84E225972BF3808C00F47820 /* Defaultable.swift in Sources */,
				84E225992BF3808C00F47820 /* ToJSON.swift in Sources */,
				84E2258E2BF3808C00F47820 /* _CleanJSONDecodingStorage.swift in Sources */,
				844DEE372BF292EC000338DD /* VMapBottomToolView.swift in Sources */,
				84E2258F2BF3808C00F47820 /* _CleanJSONKey.swift in Sources */,
				844DEE2E2BF270ED000338DD /* UIView+Extension.swift in Sources */,
				84E225982BF3808C00F47820 /* JSONAdapter.swift in Sources */,
				844DEE392BF29AD5000338DD /* String+Extension.swift in Sources */,
				84E225922BF3808C00F47820 /* CaseDefaultable.swift in Sources */,
				84E225932BF3808C00F47820 /* CleanDecoder.swift in Sources */,
				84E2258C2BF3808C00F47820 /* _CleanJSONDecoder+SingleValueDecodingContainer.swift in Sources */,
				844DEE3D2BF2A01B000338DD /* VMapViewController+Navigation.swift in Sources */,
				84E225912BF3808C00F47820 /* _CleanJSONUnkeyedDecodingContainer.swift in Sources */,
				84E225942BF3808C00F47820 /* CleanJSONDecoder.swift in Sources */,
				84E225902BF3808C00F47820 /* _CleanJSONKeyedDecodingContainer.swift in Sources */,
				84E2259B2BF3A73300F47820 /* UIColor+Extension.swift in Sources */,
				84E225952BF3808C00F47820 /* DecodingError+CleanJSON.swift in Sources */,
				844DEE352BF2920D000338DD /* VMapModel.swift in Sources */,
				84E2258D2BF3808C00F47820 /* _CleanJSONDecoder+Unbox.swift in Sources */,
				84E225792BF2EB7C00F47820 /* VMapConfig.swift in Sources */,
				844DEE172BF2600E000338DD /* VMapViewController.swift in Sources */,
				84E225962BF3808C00F47820 /* DecodingStrategy.swift in Sources */,
				844DEE132BF2600E000338DD /* AppDelegate.swift in Sources */,
				84E2259D2BF4D6D100F47820 /* VMapBottomToolViewDelegate.swift in Sources */,
				84E2258B2BF3808C00F47820 /* _CleanJSONDecoder.swift in Sources */,
			);
			runOnlyForDeploymentPostprocessing = 0;
		};
/* End PBXSourcesBuildPhase section */

/* Begin PBXVariantGroup section */
		844DEE1D2BF26015000338DD /* LaunchScreen.storyboard */ = {
			isa = PBXVariantGroup;
			children = (
				844DEE1E2BF26015000338DD /* Base */,
			);
			name = LaunchScreen.storyboard;
			sourceTree = "<group>";
		};
/* End PBXVariantGroup section */

/* Begin XCBuildConfiguration section */
		844DEE212BF26015000338DD /* Debug */ = {
			isa = XCBuildConfiguration;
			buildSettings = {
				ALWAYS_SEARCH_USER_PATHS = NO;
				ASSETCATALOG_COMPILER_GENERATE_SWIFT_ASSET_SYMBOL_EXTENSIONS = YES;
				CLANG_ANALYZER_NONNULL = YES;
				CLANG_ANALYZER_NUMBER_OBJECT_CONVERSION = YES_AGGRESSIVE;
				CLANG_CXX_LANGUAGE_STANDARD = "gnu++20";
				CLANG_ENABLE_MODULES = YES;
				CLANG_ENABLE_OBJC_ARC = YES;
				CLANG_ENABLE_OBJC_WEAK = YES;
				CLANG_WARN_BLOCK_CAPTURE_AUTORELEASING = YES;
				CLANG_WARN_BOOL_CONVERSION = YES;
				CLANG_WARN_COMMA = YES;
				CLANG_WARN_CONSTANT_CONVERSION = YES;
				CLANG_WARN_DEPRECATED_OBJC_IMPLEMENTATIONS = YES;
				CLANG_WARN_DIRECT_OBJC_ISA_USAGE = YES_ERROR;
				CLANG_WARN_DOCUMENTATION_COMMENTS = YES;
				CLANG_WARN_EMPTY_BODY = YES;
				CLANG_WARN_ENUM_CONVERSION = YES;
				CLANG_WARN_INFINITE_RECURSION = YES;
				CLANG_WARN_INT_CONVERSION = YES;
				CLANG_WARN_NON_LITERAL_NULL_CONVERSION = YES;
				CLANG_WARN_OBJC_IMPLICIT_RETAIN_SELF = YES;
				CLANG_WARN_OBJC_LITERAL_CONVERSION = YES;
				CLANG_WARN_OBJC_ROOT_CLASS = YES_ERROR;
				CLANG_WARN_QUOTED_INCLUDE_IN_FRAMEWORK_HEADER = YES;
				CLANG_WARN_RANGE_LOOP_ANALYSIS = YES;
				CLANG_WARN_STRICT_PROTOTYPES = YES;
				CLANG_WARN_SUSPICIOUS_MOVE = YES;
				CLANG_WARN_UNGUARDED_AVAILABILITY = YES_AGGRESSIVE;
				CLANG_WARN_UNREACHABLE_CODE = YES;
				CLANG_WARN__DUPLICATE_METHOD_MATCH = YES;
				COPY_PHASE_STRIP = NO;
				DEBUG_INFORMATION_FORMAT = dwarf;
				ENABLE_STRICT_OBJC_MSGSEND = YES;
				ENABLE_TESTABILITY = YES;
				ENABLE_USER_SCRIPT_SANDBOXING = YES;
				GCC_C_LANGUAGE_STANDARD = gnu17;
				GCC_DYNAMIC_NO_PIC = NO;
				GCC_NO_COMMON_BLOCKS = YES;
				GCC_OPTIMIZATION_LEVEL = 0;
				GCC_PREPROCESSOR_DEFINITIONS = (
					"DEBUG=1",
					"$(inherited)",
				);
				GCC_WARN_64_TO_32_BIT_CONVERSION = YES;
				GCC_WARN_ABOUT_RETURN_TYPE = YES_ERROR;
				GCC_WARN_UNDECLARED_SELECTOR = YES;
				GCC_WARN_UNINITIALIZED_AUTOS = YES_AGGRESSIVE;
				GCC_WARN_UNUSED_FUNCTION = YES;
				GCC_WARN_UNUSED_VARIABLE = YES;
				IPHONEOS_DEPLOYMENT_TARGET = 17.4;
				LOCALIZATION_PREFERS_STRING_CATALOGS = YES;
				MTL_ENABLE_DEBUG_INFO = INCLUDE_SOURCE;
				MTL_FAST_MATH = YES;
				ONLY_ACTIVE_ARCH = YES;
				SDKROOT = iphoneos;
				SWIFT_ACTIVE_COMPILATION_CONDITIONS = "DEBUG $(inherited)";
				SWIFT_OPTIMIZATION_LEVEL = "-Onone";
			};
			name = Debug;
		};
		844DEE222BF26015000338DD /* Release */ = {
			isa = XCBuildConfiguration;
			buildSettings = {
				ALWAYS_SEARCH_USER_PATHS = NO;
				ASSETCATALOG_COMPILER_GENERATE_SWIFT_ASSET_SYMBOL_EXTENSIONS = YES;
				CLANG_ANALYZER_NONNULL = YES;
				CLANG_ANALYZER_NUMBER_OBJECT_CONVERSION = YES_AGGRESSIVE;
				CLANG_CXX_LANGUAGE_STANDARD = "gnu++20";
				CLANG_ENABLE_MODULES = YES;
				CLANG_ENABLE_OBJC_ARC = YES;
				CLANG_ENABLE_OBJC_WEAK = YES;
				CLANG_WARN_BLOCK_CAPTURE_AUTORELEASING = YES;
				CLANG_WARN_BOOL_CONVERSION = YES;
				CLANG_WARN_COMMA = YES;
				CLANG_WARN_CONSTANT_CONVERSION = YES;
				CLANG_WARN_DEPRECATED_OBJC_IMPLEMENTATIONS = YES;
				CLANG_WARN_DIRECT_OBJC_ISA_USAGE = YES_ERROR;
				CLANG_WARN_DOCUMENTATION_COMMENTS = YES;
				CLANG_WARN_EMPTY_BODY = YES;
				CLANG_WARN_ENUM_CONVERSION = YES;
				CLANG_WARN_INFINITE_RECURSION = YES;
				CLANG_WARN_INT_CONVERSION = YES;
				CLANG_WARN_NON_LITERAL_NULL_CONVERSION = YES;
				CLANG_WARN_OBJC_IMPLICIT_RETAIN_SELF = YES;
				CLANG_WARN_OBJC_LITERAL_CONVERSION = YES;
				CLANG_WARN_OBJC_ROOT_CLASS = YES_ERROR;
				CLANG_WARN_QUOTED_INCLUDE_IN_FRAMEWORK_HEADER = YES;
				CLANG_WARN_RANGE_LOOP_ANALYSIS = YES;
				CLANG_WARN_STRICT_PROTOTYPES = YES;
				CLANG_WARN_SUSPICIOUS_MOVE = YES;
				CLANG_WARN_UNGUARDED_AVAILABILITY = YES_AGGRESSIVE;
				CLANG_WARN_UNREACHABLE_CODE = YES;
				CLANG_WARN__DUPLICATE_METHOD_MATCH = YES;
				COPY_PHASE_STRIP = NO;
				DEBUG_INFORMATION_FORMAT = "dwarf-with-dsym";
				ENABLE_NS_ASSERTIONS = NO;
				ENABLE_STRICT_OBJC_MSGSEND = YES;
				ENABLE_USER_SCRIPT_SANDBOXING = YES;
				GCC_C_LANGUAGE_STANDARD = gnu17;
				GCC_NO_COMMON_BLOCKS = YES;
				GCC_WARN_64_TO_32_BIT_CONVERSION = YES;
				GCC_WARN_ABOUT_RETURN_TYPE = YES_ERROR;
				GCC_WARN_UNDECLARED_SELECTOR = YES;
				GCC_WARN_UNINITIALIZED_AUTOS = YES_AGGRESSIVE;
				GCC_WARN_UNUSED_FUNCTION = YES;
				GCC_WARN_UNUSED_VARIABLE = YES;
				IPHONEOS_DEPLOYMENT_TARGET = 17.4;
				LOCALIZATION_PREFERS_STRING_CATALOGS = YES;
				MTL_ENABLE_DEBUG_INFO = NO;
				MTL_FAST_MATH = YES;
				SDKROOT = iphoneos;
				SWIFT_COMPILATION_MODE = wholemodule;
				VALIDATE_PRODUCT = YES;
			};
			name = Release;
		};
		844DEE242BF26015000338DD /* Debug */ = {
			isa = XCBuildConfiguration;
			baseConfigurationReference = F891DEE2CC2CED62A410B407 /* Pods-VMap.debug.xcconfig */;
			buildSettings = {
				ASSETCATALOG_COMPILER_APPICON_NAME = AppIcon;
				ASSETCATALOG_COMPILER_GLOBAL_ACCENT_COLOR_NAME = AccentColor;
				CODE_SIGN_STYLE = Automatic;
				CURRENT_PROJECT_VERSION = 1;
				DEVELOPMENT_TEAM = 2XQAF3YH47;
				ENABLE_USER_SCRIPT_SANDBOXING = NO;
				GENERATE_INFOPLIST_FILE = YES;
				INFOPLIST_FILE = VMap/Resource/Info.plist;
				INFOPLIST_KEY_NSLocationAlwaysAndWhenInUseUsageDescription = "Show your location on the map";
				INFOPLIST_KEY_NSLocationWhenInUseUsageDescription = "Show your location on the map";
				INFOPLIST_KEY_UIApplicationSupportsIndirectInputEvents = YES;
				INFOPLIST_KEY_UILaunchStoryboardName = LaunchScreen;
				INFOPLIST_KEY_UIMainStoryboardFile = "";
				INFOPLIST_KEY_UISupportedInterfaceOrientations = UIInterfaceOrientationPortrait;
				IPHONEOS_DEPLOYMENT_TARGET = 15.0;
				LD_RUNPATH_SEARCH_PATHS = (
					"$(inherited)",
					"@executable_path/Frameworks",
				);
				MARKETING_VERSION = 1.0;
				PRODUCT_BUNDLE_IDENTIFIER = com.veo.VMap;
				PRODUCT_NAME = "$(TARGET_NAME)";
				SUPPORTED_PLATFORMS = "iphoneos iphonesimulator";
				SUPPORTS_MACCATALYST = NO;
				SUPPORTS_MAC_DESIGNED_FOR_IPHONE_IPAD = NO;
				SUPPORTS_XR_DESIGNED_FOR_IPHONE_IPAD = NO;
				SWIFT_EMIT_LOC_STRINGS = YES;
				SWIFT_VERSION = 5.0;
				TARGETED_DEVICE_FAMILY = "1,2";
			};
			name = Debug;
		};
		844DEE252BF26015000338DD /* Release */ = {
			isa = XCBuildConfiguration;
			baseConfigurationReference = A3A11F391148A7EE811010E0 /* Pods-VMap.release.xcconfig */;
			buildSettings = {
				ASSETCATALOG_COMPILER_APPICON_NAME = AppIcon;
				ASSETCATALOG_COMPILER_GLOBAL_ACCENT_COLOR_NAME = AccentColor;
				CODE_SIGN_STYLE = Automatic;
				CURRENT_PROJECT_VERSION = 1;
				DEVELOPMENT_TEAM = 2XQAF3YH47;
				ENABLE_USER_SCRIPT_SANDBOXING = NO;
				GENERATE_INFOPLIST_FILE = YES;
				INFOPLIST_FILE = VMap/Resource/Info.plist;
				INFOPLIST_KEY_NSLocationAlwaysAndWhenInUseUsageDescription = "Show your location on the map";
				INFOPLIST_KEY_NSLocationWhenInUseUsageDescription = "Show your location on the map";
				INFOPLIST_KEY_UIApplicationSupportsIndirectInputEvents = YES;
				INFOPLIST_KEY_UILaunchStoryboardName = LaunchScreen;
				INFOPLIST_KEY_UIMainStoryboardFile = "";
				INFOPLIST_KEY_UISupportedInterfaceOrientations = UIInterfaceOrientationPortrait;
				IPHONEOS_DEPLOYMENT_TARGET = 15.0;
				LD_RUNPATH_SEARCH_PATHS = (
					"$(inherited)",
					"@executable_path/Frameworks",
				);
				MARKETING_VERSION = 1.0;
				PRODUCT_BUNDLE_IDENTIFIER = com.veo.VMap;
				PRODUCT_NAME = "$(TARGET_NAME)";
				SUPPORTED_PLATFORMS = "iphoneos iphonesimulator";
				SUPPORTS_MACCATALYST = NO;
				SUPPORTS_MAC_DESIGNED_FOR_IPHONE_IPAD = NO;
				SUPPORTS_XR_DESIGNED_FOR_IPHONE_IPAD = NO;
				SWIFT_EMIT_LOC_STRINGS = YES;
				SWIFT_VERSION = 5.0;
				TARGETED_DEVICE_FAMILY = "1,2";
			};
			name = Release;
		};
/* End XCBuildConfiguration section */

/* Begin XCConfigurationList section */
		844DEE0A2BF2600E000338DD /* Build configuration list for PBXProject "VMap" */ = {
			isa = XCConfigurationList;
			buildConfigurations = (
				844DEE212BF26015000338DD /* Debug */,
				844DEE222BF26015000338DD /* Release */,
			);
			defaultConfigurationIsVisible = 0;
			defaultConfigurationName = Release;
		};
		844DEE232BF26015000338DD /* Build configuration list for PBXNativeTarget "VMap" */ = {
			isa = XCConfigurationList;
			buildConfigurations = (
				844DEE242BF26015000338DD /* Debug */,
				844DEE252BF26015000338DD /* Release */,
			);
			defaultConfigurationIsVisible = 0;
			defaultConfigurationName = Release;
		};
/* End XCConfigurationList section */
	};
	rootObject = 844DEE072BF2600E000338DD /* Project object */;
}
